{
  "object": {
    "pins": [
      {
        "package": "Alamofire",
        "repositoryURL": "https://github.com/Alamofire/Alamofire",
        "state": {
          "branch": null,
          "revision": "d120af1e8638c7da36c8481fd61a66c0c08dc4fc",
          "version": "5.4.4"
        }
      },
      {
        "package": "Kingfisher",
        "repositoryURL": "https://github.com/onevcat/Kingfisher",
        "state": {
          "branch": "master",
          "revision": "9432bffb68d417c207900ef6a329b8e61cedf370",
          "version": null
        }
      },
      {
        "package": "ToastSwiftUI",
        "repositoryURL": "https://github.com/huynguyencong/ToastSwiftUI.git",
        "state": {
          "branch": "master",
          "revision": "19acc0985eb456373ca276e960626373bd686ffe",
          "version": null
        }
      }
    ]
  },
  "version": 1
}
